{
  "name": "implementmodule",
  "version": "1.0.0",
  "lockfileVersion": 2,
  "requires": true,
  "packages": {
    "": {
      "name": "implementmodule",
      "version": "1.0.0",
      "license": "ISC",
      "dependencies": {
        "mycolorsmodule": "file:../mycolorsmodule"
      }
    },
    "../mycolorsmodule": {
      "version": "1.0.0",
      "license": "ISC"
    },
    "node_modules/mycolorsmodule": {
      "resolved": "../mycolorsmodule",
      "link": true
    }
  },
  "dependencies": {
    "mycolorsmodule": {
      "version": "file:../mycolorsmodule"
    }
  }
}
